
Microsoft Visual Studio Solution File, Format Version 12.00
# Visual Studio Version 16
VisualStudioVersion = 16.0.31424.327
MinimumVisualStudioVersion = 10.0.40219.1
Project("{FAE04EC0-301F-11D3-BF4B-00C04F79EFBC}") = "SoccerTeams", "SoccerTeams\SoccerTeams.csproj", "{B4790BF0-10BA-4984-A044-F18C8A8D13A9}"
EndProject
Global
	GlobalSection(SolutionConfigurationPlatforms) = preSolution
		Debug|Any CPU = Debug|Any CPU
		Release|Any CPU = Release|Any CPU
	EndGlobalSection
	GlobalSection(ProjectConfigurationPlatforms) = postSolution
		{B4790BF0-10BA-4984-A044-F18C8A8D13A9}.Debug|Any CPU.ActiveCfg = Debug|Any CPU
		{B4790BF0-10BA-4984-A044-F18C8A8D13A9}.Debug|Any CPU.Build.0 = Debug|Any CPU
		{B4790BF0-10BA-4984-A044-F18C8A8D13A9}.Release|Any CPU.ActiveCfg = Release|Any CPU
		{B4790BF0-10BA-4984-A044-F18C8A8D13A9}.Release|Any CPU.Build.0 = Release|Any CPU
	EndGlobalSection
	GlobalSection(SolutionProperties) = preSolution
		HideSolutionNode = FALSE
	EndGlobalSection
	GlobalSection(ExtensibilityGlobals) = postSolution
		SolutionGuid = {4D9679EE-ED42-4069-9C57-6E9DD4D289A0}
	EndGlobalSection
EndGlobal
